
Microsoft Visual Studio Solution File, Format Version 12.00
# Visual Studio Version 17
VisualStudioVersion = 17.14.36511.14 d17.14
MinimumVisualStudioVersion = 10.0.40219.1
Project("{FAE04EC0-301F-11D3-BF4B-00C04F79EFBC}") = "14.WhilePares", "14.WhilePares.csproj", "{EA00FA7D-8586-428A-974E-CA99A4F4D925}"
EndProject
Global
	GlobalSection(SolutionConfigurationPlatforms) = preSolution
		Debug|Any CPU = Debug|Any CPU
		Release|Any CPU = Release|Any CPU
	EndGlobalSection
	GlobalSection(ProjectConfigurationPlatforms) = postSolution
		{EA00FA7D-8586-428A-974E-CA99A4F4D925}.Debug|Any CPU.ActiveCfg = Debug|Any CPU
		{EA00FA7D-8586-428A-974E-CA99A4F4D925}.Debug|Any CPU.Build.0 = Debug|Any CPU
		{EA00FA7D-8586-428A-974E-CA99A4F4D925}.Release|Any CPU.ActiveCfg = Release|Any CPU
		{EA00FA7D-8586-428A-974E-CA99A4F4D925}.Release|Any CPU.Build.0 = Release|Any CPU
	EndGlobalSection
	GlobalSection(SolutionProperties) = preSolution
		HideSolutionNode = FALSE
	EndGlobalSection
	GlobalSection(ExtensibilityGlobals) = postSolution
		SolutionGuid = {3EFB54C4-ADA3-41D3-A417-F3E88280DE6F}
	EndGlobalSection
EndGlobal
