
Microsoft Visual Studio Solution File, Format Version 12.00
# Visual Studio Version 17
VisualStudioVersion = 17.14.36511.14 d17.14
MinimumVisualStudioVersion = 10.0.40219.1
Project("{FAE04EC0-301F-11D3-BF4B-00C04F79EFBC}") = "Taller_Ciclos4", "Taller_Ciclos4.csproj", "{48623CE6-D713-4A03-8FCD-D7B7DC770E1D}"
EndProject
Global
	GlobalSection(SolutionConfigurationPlatforms) = preSolution
		Debug|Any CPU = Debug|Any CPU
		Release|Any CPU = Release|Any CPU
	EndGlobalSection
	GlobalSection(ProjectConfigurationPlatforms) = postSolution
		{48623CE6-D713-4A03-8FCD-D7B7DC770E1D}.Debug|Any CPU.ActiveCfg = Debug|Any CPU
		{48623CE6-D713-4A03-8FCD-D7B7DC770E1D}.Debug|Any CPU.Build.0 = Debug|Any CPU
		{48623CE6-D713-4A03-8FCD-D7B7DC770E1D}.Release|Any CPU.ActiveCfg = Release|Any CPU
		{48623CE6-D713-4A03-8FCD-D7B7DC770E1D}.Release|Any CPU.Build.0 = Release|Any CPU
	EndGlobalSection
	GlobalSection(SolutionProperties) = preSolution
		HideSolutionNode = FALSE
	EndGlobalSection
	GlobalSection(ExtensibilityGlobals) = postSolution
		SolutionGuid = {177AFA1C-64D1-4682-A847-EE5865BB96A1}
	EndGlobalSection
EndGlobal
