
Microsoft Visual Studio Solution File, Format Version 12.00
# Visual Studio Version 17
VisualStudioVersion = 17.14.36511.14 d17.14
MinimumVisualStudioVersion = 10.0.40219.1
Project("{FAE04EC0-301F-11D3-BF4B-00C04F79EFBC}") = "18.DoWhileSaldoCuenta", "18.DoWhileSaldoCuenta.csproj", "{F87044B5-67A8-49DD-8D06-4E3BE254455A}"
EndProject
Global
	GlobalSection(SolutionConfigurationPlatforms) = preSolution
		Debug|Any CPU = Debug|Any CPU
		Release|Any CPU = Release|Any CPU
	EndGlobalSection
	GlobalSection(ProjectConfigurationPlatforms) = postSolution
		{F87044B5-67A8-49DD-8D06-4E3BE254455A}.Debug|Any CPU.ActiveCfg = Debug|Any CPU
		{F87044B5-67A8-49DD-8D06-4E3BE254455A}.Debug|Any CPU.Build.0 = Debug|Any CPU
		{F87044B5-67A8-49DD-8D06-4E3BE254455A}.Release|Any CPU.ActiveCfg = Release|Any CPU
		{F87044B5-67A8-49DD-8D06-4E3BE254455A}.Release|Any CPU.Build.0 = Release|Any CPU
	EndGlobalSection
	GlobalSection(SolutionProperties) = preSolution
		HideSolutionNode = FALSE
	EndGlobalSection
	GlobalSection(ExtensibilityGlobals) = postSolution
		SolutionGuid = {6E6A202A-F2C7-45EF-9CC8-F345819E3ABE}
	EndGlobalSection
EndGlobal
