
Microsoft Visual Studio Solution File, Format Version 12.00
# Visual Studio Version 17
VisualStudioVersion = 17.14.36511.14 d17.14
MinimumVisualStudioVersion = 10.0.40219.1
Project("{FAE04EC0-301F-11D3-BF4B-00C04F79EFBC}") = "Taller_Vectores3", "Taller_Vectores3.csproj", "{027D2B8F-9253-4975-A7ED-E77C5D2A3649}"
EndProject
Global
	GlobalSection(SolutionConfigurationPlatforms) = preSolution
		Debug|Any CPU = Debug|Any CPU
		Release|Any CPU = Release|Any CPU
	EndGlobalSection
	GlobalSection(ProjectConfigurationPlatforms) = postSolution
		{027D2B8F-9253-4975-A7ED-E77C5D2A3649}.Debug|Any CPU.ActiveCfg = Debug|Any CPU
		{027D2B8F-9253-4975-A7ED-E77C5D2A3649}.Debug|Any CPU.Build.0 = Debug|Any CPU
		{027D2B8F-9253-4975-A7ED-E77C5D2A3649}.Release|Any CPU.ActiveCfg = Release|Any CPU
		{027D2B8F-9253-4975-A7ED-E77C5D2A3649}.Release|Any CPU.Build.0 = Release|Any CPU
	EndGlobalSection
	GlobalSection(SolutionProperties) = preSolution
		HideSolutionNode = FALSE
	EndGlobalSection
	GlobalSection(ExtensibilityGlobals) = postSolution
		SolutionGuid = {4B35D563-481C-46AF-88DD-524333289AB9}
	EndGlobalSection
EndGlobal
