
Microsoft Visual Studio Solution File, Format Version 12.00
# Visual Studio Version 17
VisualStudioVersion = 17.14.36511.14 d17.14
MinimumVisualStudioVersion = 10.0.40219.1
Project("{FAE04EC0-301F-11D3-BF4B-00C04F79EFBC}") = "Taller_Vectores2", "Taller_Vectores2.csproj", "{49D08D1B-FF14-432D-AAEE-7F654040C6A6}"
EndProject
Global
	GlobalSection(SolutionConfigurationPlatforms) = preSolution
		Debug|Any CPU = Debug|Any CPU
		Release|Any CPU = Release|Any CPU
	EndGlobalSection
	GlobalSection(ProjectConfigurationPlatforms) = postSolution
		{49D08D1B-FF14-432D-AAEE-7F654040C6A6}.Debug|Any CPU.ActiveCfg = Debug|Any CPU
		{49D08D1B-FF14-432D-AAEE-7F654040C6A6}.Debug|Any CPU.Build.0 = Debug|Any CPU
		{49D08D1B-FF14-432D-AAEE-7F654040C6A6}.Release|Any CPU.ActiveCfg = Release|Any CPU
		{49D08D1B-FF14-432D-AAEE-7F654040C6A6}.Release|Any CPU.Build.0 = Release|Any CPU
	EndGlobalSection
	GlobalSection(SolutionProperties) = preSolution
		HideSolutionNode = FALSE
	EndGlobalSection
	GlobalSection(ExtensibilityGlobals) = postSolution
		SolutionGuid = {14E95FC0-0126-4A08-88A9-093EB7B4FE2C}
	EndGlobalSection
EndGlobal
