
Microsoft Visual Studio Solution File, Format Version 12.00
# Visual Studio Version 17
VisualStudioVersion = 17.14.36511.14 d17.14
MinimumVisualStudioVersion = 10.0.40219.1
Project("{FAE04EC0-301F-11D3-BF4B-00C04F79EFBC}") = "Taller_Ciclos2", "Taller_Ciclos2.csproj", "{CD97A415-1633-433B-8ED9-970CA428AD22}"
EndProject
Global
	GlobalSection(SolutionConfigurationPlatforms) = preSolution
		Debug|Any CPU = Debug|Any CPU
		Release|Any CPU = Release|Any CPU
	EndGlobalSection
	GlobalSection(ProjectConfigurationPlatforms) = postSolution
		{CD97A415-1633-433B-8ED9-970CA428AD22}.Debug|Any CPU.ActiveCfg = Debug|Any CPU
		{CD97A415-1633-433B-8ED9-970CA428AD22}.Debug|Any CPU.Build.0 = Debug|Any CPU
		{CD97A415-1633-433B-8ED9-970CA428AD22}.Release|Any CPU.ActiveCfg = Release|Any CPU
		{CD97A415-1633-433B-8ED9-970CA428AD22}.Release|Any CPU.Build.0 = Release|Any CPU
	EndGlobalSection
	GlobalSection(SolutionProperties) = preSolution
		HideSolutionNode = FALSE
	EndGlobalSection
	GlobalSection(ExtensibilityGlobals) = postSolution
		SolutionGuid = {0A8FDB9F-51DC-4106-B5AA-32A780E98B85}
	EndGlobalSection
EndGlobal
