
Microsoft Visual Studio Solution File, Format Version 12.00
# Visual Studio Version 17
VisualStudioVersion = 17.14.36511.14 d17.14
MinimumVisualStudioVersion = 10.0.40219.1
Project("{FAE04EC0-301F-11D3-BF4B-00C04F79EFBC}") = "Taller_Ciclos7", "Taller_Ciclos7.csproj", "{639DFE62-6755-4C5F-BA8E-AC7CCE4CDD6F}"
EndProject
Global
	GlobalSection(SolutionConfigurationPlatforms) = preSolution
		Debug|Any CPU = Debug|Any CPU
		Release|Any CPU = Release|Any CPU
	EndGlobalSection
	GlobalSection(ProjectConfigurationPlatforms) = postSolution
		{639DFE62-6755-4C5F-BA8E-AC7CCE4CDD6F}.Debug|Any CPU.ActiveCfg = Debug|Any CPU
		{639DFE62-6755-4C5F-BA8E-AC7CCE4CDD6F}.Debug|Any CPU.Build.0 = Debug|Any CPU
		{639DFE62-6755-4C5F-BA8E-AC7CCE4CDD6F}.Release|Any CPU.ActiveCfg = Release|Any CPU
		{639DFE62-6755-4C5F-BA8E-AC7CCE4CDD6F}.Release|Any CPU.Build.0 = Release|Any CPU
	EndGlobalSection
	GlobalSection(SolutionProperties) = preSolution
		HideSolutionNode = FALSE
	EndGlobalSection
	GlobalSection(ExtensibilityGlobals) = postSolution
		SolutionGuid = {67AA33ED-94B0-4088-AADE-099AC480DA49}
	EndGlobalSection
EndGlobal
